
Microsoft Visual Studio Solution File, Format Version 12.00
# Visual Studio Version 17
VisualStudioVersion = 17.13.35931.197 d17.13
MinimumVisualStudioVersion = 10.0.40219.1
Project("{FAE04EC0-301F-11D3-BF4B-00C04F79EFBC}") = "ConsoleApp34", "ConsoleApp34\ConsoleApp34.csproj", "{8BF69094-3118-484A-9130-E82B4F857A50}"
EndProject
Global
	GlobalSection(SolutionConfigurationPlatforms) = preSolution
		Debug|Any CPU = Debug|Any CPU
		Release|Any CPU = Release|Any CPU
	EndGlobalSection
	GlobalSection(ProjectConfigurationPlatforms) = postSolution
		{8BF69094-3118-484A-9130-E82B4F857A50}.Debug|Any CPU.ActiveCfg = Debug|Any CPU
		{8BF69094-3118-484A-9130-E82B4F857A50}.Debug|Any CPU.Build.0 = Debug|Any CPU
		{8BF69094-3118-484A-9130-E82B4F857A50}.Release|Any CPU.ActiveCfg = Release|Any CPU
		{8BF69094-3118-484A-9130-E82B4F857A50}.Release|Any CPU.Build.0 = Release|Any CPU
	EndGlobalSection
	GlobalSection(SolutionProperties) = preSolution
		HideSolutionNode = FALSE
	EndGlobalSection
	GlobalSection(ExtensibilityGlobals) = postSolution
		SolutionGuid = {645A22D4-E8E3-4B59-A759-1FAD8C975E2D}
	EndGlobalSection
EndGlobal
